<Solution>
  <Folder Name="/source/">
    <Project Path="source/timewarp-source-generators/timewarp-source-generators.csproj" />
  </Folder>
  <Folder Name="/Tests/">
    <Project Path="Tests/TimeWarp.SourceGenerators.TestConsole/TimeWarp.SourceGenerators.TestConsole.csproj" />
  </Folder>
</Solution>
