
Microsoft Visual Studio Solution File, Format Version 12.00
# Visual Studio Version 17
VisualStudioVersion = 17.0.31903.59
MinimumVisualStudioVersion = 10.0.40219.1
Project("{2150E333-8FDC-42A3-9474-1A3956D46DE8}") = "Source", "Source", "{83A05FC4-F35A-42C4-BDB7-7DE2E5F08F71}"
EndProject
Project("{FAE04EC0-301F-11D3-BF4B-00C04F79EFBC}") = "TimeWarp.SourceGenerators", "Source\TimeWarp.SourceGenerators\TimeWarp.SourceGenerators.csproj", "{28222C32-CF2A-4717-A52E-FED3BC79E404}"
EndProject
Project("{2150E333-8FDC-42A3-9474-1A3956D46DE8}") = "Tests", "Tests", "{9A27D2F2-D3CF-4478-8655-68EAF0B7E2C7}"
EndProject
Project("{FAE04EC0-301F-11D3-BF4B-00C04F79EFBC}") = "TimeWarp.SourceGenerators.TestConsole", "Tests\TimeWarp.SourceGenerators.TestConsole\TimeWarp.SourceGenerators.TestConsole.csproj", "{C132102E-C8B7-425F-8395-602FDF39C6AE}"
EndProject
Global
	GlobalSection(SolutionConfigurationPlatforms) = preSolution
		Debug|Any CPU = Debug|Any CPU
		Release|Any CPU = Release|Any CPU
	EndGlobalSection
	GlobalSection(SolutionProperties) = preSolution
		HideSolutionNode = FALSE
	EndGlobalSection
	GlobalSection(ProjectConfigurationPlatforms) = postSolution
		{28222C32-CF2A-4717-A52E-FED3BC79E404}.Debug|Any CPU.ActiveCfg = Debug|Any CPU
		{28222C32-CF2A-4717-A52E-FED3BC79E404}.Debug|Any CPU.Build.0 = Debug|Any CPU
		{28222C32-CF2A-4717-A52E-FED3BC79E404}.Release|Any CPU.ActiveCfg = Release|Any CPU
		{28222C32-CF2A-4717-A52E-FED3BC79E404}.Release|Any CPU.Build.0 = Release|Any CPU
		{C132102E-C8B7-425F-8395-602FDF39C6AE}.Debug|Any CPU.ActiveCfg = Debug|Any CPU
		{C132102E-C8B7-425F-8395-602FDF39C6AE}.Debug|Any CPU.Build.0 = Debug|Any CPU
		{C132102E-C8B7-425F-8395-602FDF39C6AE}.Release|Any CPU.ActiveCfg = Release|Any CPU
		{C132102E-C8B7-425F-8395-602FDF39C6AE}.Release|Any CPU.Build.0 = Release|Any CPU
	EndGlobalSection
	GlobalSection(NestedProjects) = preSolution
		{28222C32-CF2A-4717-A52E-FED3BC79E404} = {83A05FC4-F35A-42C4-BDB7-7DE2E5F08F71}
		{C132102E-C8B7-425F-8395-602FDF39C6AE} = {9A27D2F2-D3CF-4478-8655-68EAF0B7E2C7}
	EndGlobalSection
EndGlobal
